
Microsoft Visual Studio Solution File, Format Version 12.00
# Visual Studio Express 2012 for Windows Desktop
Project("{8BC9CEB8-8B4A-11D0-8D11-00A0C91BC942}") = "TicTacToe", "TicTacToe\TicTacToe.vcxproj", "{0D43A8A0-C4D3-4A06-9F34-EC99C8EDDBBE}"
EndProject
Global
	GlobalSection(SolutionConfigurationPlatforms) = preSolution
		Debug|Win32 = Debug|Win32
		Release|Win32 = Release|Win32
	EndGlobalSection
	GlobalSection(ProjectConfigurationPlatforms) = postSolution
		{0D43A8A0-C4D3-4A06-9F34-EC99C8EDDBBE}.Debug|Win32.ActiveCfg = Debug|Win32
		{0D43A8A0-C4D3-4A06-9F34-EC99C8EDDBBE}.Debug|Win32.Build.0 = Debug|Win32
		{0D43A8A0-C4D3-4A06-9F34-EC99C8EDDBBE}.Release|Win32.ActiveCfg = Release|Win32
		{0D43A8A0-C4D3-4A06-9F34-EC99C8EDDBBE}.Release|Win32.Build.0 = Release|Win32
	EndGlobalSection
	GlobalSection(SolutionProperties) = preSolution
		HideSolutionNode = FALSE
	EndGlobalSection
EndGlobal
